
Microsoft Visual Studio Solution File, Format Version 12.00
# Visual Studio Version 17
VisualStudioVersion = 17.3.32901.215
MinimumVisualStudioVersion = 10.0.40219.1
Project("{8BC9CEB8-8B4A-11D0-8D11-00A0C91BC942}") = "IntroductionToOOP", "IntroductionToOOP\IntroductionToOOP.vcxproj", "{B637EB33-9FA9-4781-8B79-68FB806D28B6}"
EndProject
Project("{8BC9CEB8-8B4A-11D0-8D11-00A0C91BC942}") = "String", "String\String.vcxproj", "{39FF4BAE-36C9-4A24-A7A0-A9A5C960266D}"
EndProject
Project("{8BC9CEB8-8B4A-11D0-8D11-00A0C91BC942}") = "Matrix", "Matrix\Matrix.vcxproj", "{868BE7C1-74B5-4FCF-B427-B35682768880}"
EndProject
Project("{8BC9CEB8-8B4A-11D0-8D11-00A0C91BC942}") = "Academy", "Academy\Academy.vcxproj", "{B2FF2288-E20C-4B99-86DA-08251B3E9FB6}"
EndProject
Global
	GlobalSection(SolutionConfigurationPlatforms) = preSolution
		Debug|x64 = Debug|x64
		Debug|x86 = Debug|x86
		Release|x64 = Release|x64
		Release|x86 = Release|x86
	EndGlobalSection
	GlobalSection(ProjectConfigurationPlatforms) = postSolution
		{B637EB33-9FA9-4781-8B79-68FB806D28B6}.Debug|x64.ActiveCfg = Debug|x64
		{B637EB33-9FA9-4781-8B79-68FB806D28B6}.Debug|x64.Build.0 = Debug|x64
		{B637EB33-9FA9-4781-8B79-68FB806D28B6}.Debug|x86.ActiveCfg = Debug|Win32
		{B637EB33-9FA9-4781-8B79-68FB806D28B6}.Debug|x86.Build.0 = Debug|Win32
		{B637EB33-9FA9-4781-8B79-68FB806D28B6}.Release|x64.ActiveCfg = Release|x64
		{B637EB33-9FA9-4781-8B79-68FB806D28B6}.Release|x64.Build.0 = Release|x64
		{B637EB33-9FA9-4781-8B79-68FB806D28B6}.Release|x86.ActiveCfg = Release|Win32
		{B637EB33-9FA9-4781-8B79-68FB806D28B6}.Release|x86.Build.0 = Release|Win32
		{39FF4BAE-36C9-4A24-A7A0-A9A5C960266D}.Debug|x64.ActiveCfg = Debug|x64
		{39FF4BAE-36C9-4A24-A7A0-A9A5C960266D}.Debug|x64.Build.0 = Debug|x64
		{39FF4BAE-36C9-4A24-A7A0-A9A5C960266D}.Debug|x86.ActiveCfg = Debug|Win32
		{39FF4BAE-36C9-4A24-A7A0-A9A5C960266D}.Debug|x86.Build.0 = Debug|Win32
		{39FF4BAE-36C9-4A24-A7A0-A9A5C960266D}.Release|x64.ActiveCfg = Release|x64
		{39FF4BAE-36C9-4A24-A7A0-A9A5C960266D}.Release|x64.Build.0 = Release|x64
		{39FF4BAE-36C9-4A24-A7A0-A9A5C960266D}.Release|x86.ActiveCfg = Release|Win32
		{39FF4BAE-36C9-4A24-A7A0-A9A5C960266D}.Release|x86.Build.0 = Release|Win32
		{868BE7C1-74B5-4FCF-B427-B35682768880}.Debug|x64.ActiveCfg = Debug|x64
		{868BE7C1-74B5-4FCF-B427-B35682768880}.Debug|x64.Build.0 = Debug|x64
		{868BE7C1-74B5-4FCF-B427-B35682768880}.Debug|x86.ActiveCfg = Debug|Win32
		{868BE7C1-74B5-4FCF-B427-B35682768880}.Debug|x86.Build.0 = Debug|Win32
		{868BE7C1-74B5-4FCF-B427-B35682768880}.Release|x64.ActiveCfg = Release|x64
		{868BE7C1-74B5-4FCF-B427-B35682768880}.Release|x64.Build.0 = Release|x64
		{868BE7C1-74B5-4FCF-B427-B35682768880}.Release|x86.ActiveCfg = Release|Win32
		{868BE7C1-74B5-4FCF-B427-B35682768880}.Release|x86.Build.0 = Release|Win32
		{B2FF2288-E20C-4B99-86DA-08251B3E9FB6}.Debug|x64.ActiveCfg = Debug|x64
		{B2FF2288-E20C-4B99-86DA-08251B3E9FB6}.Debug|x64.Build.0 = Debug|x64
		{B2FF2288-E20C-4B99-86DA-08251B3E9FB6}.Debug|x86.ActiveCfg = Debug|Win32
		{B2FF2288-E20C-4B99-86DA-08251B3E9FB6}.Debug|x86.Build.0 = Debug|Win32
		{B2FF2288-E20C-4B99-86DA-08251B3E9FB6}.Release|x64.ActiveCfg = Release|x64
		{B2FF2288-E20C-4B99-86DA-08251B3E9FB6}.Release|x64.Build.0 = Release|x64
		{B2FF2288-E20C-4B99-86DA-08251B3E9FB6}.Release|x86.ActiveCfg = Release|Win32
		{B2FF2288-E20C-4B99-86DA-08251B3E9FB6}.Release|x86.Build.0 = Release|Win32
	EndGlobalSection
	GlobalSection(SolutionProperties) = preSolution
		HideSolutionNode = FALSE
	EndGlobalSection
	GlobalSection(ExtensibilityGlobals) = postSolution
		SolutionGuid = {16ECA8B5-A03B-49E6-A840-5BEF3E707ADD}
	EndGlobalSection
EndGlobal
